
Microsoft Visual Studio Solution File, Format Version 12.00
# Visual Studio Version 17
VisualStudioVersion = 17.2.32616.157
MinimumVisualStudioVersion = 10.0.40219.1
Project("{FAE04EC0-301F-11D3-BF4B-00C04F79EFBC}") = "WFConsultaCeps", "WFConsultaCeps\WFConsultaCeps.csproj", "{5FC29D53-B17E-44D3-9EA6-6529E01ECA8C}"
EndProject
Global
	GlobalSection(SolutionConfigurationPlatforms) = preSolution
		Debug|Any CPU = Debug|Any CPU
		Release|Any CPU = Release|Any CPU
	EndGlobalSection
	GlobalSection(ProjectConfigurationPlatforms) = postSolution
		{5FC29D53-B17E-44D3-9EA6-6529E01ECA8C}.Debug|Any CPU.ActiveCfg = Debug|Any CPU
		{5FC29D53-B17E-44D3-9EA6-6529E01ECA8C}.Debug|Any CPU.Build.0 = Debug|Any CPU
		{5FC29D53-B17E-44D3-9EA6-6529E01ECA8C}.Release|Any CPU.ActiveCfg = Release|Any CPU
		{5FC29D53-B17E-44D3-9EA6-6529E01ECA8C}.Release|Any CPU.Build.0 = Release|Any CPU
	EndGlobalSection
	GlobalSection(SolutionProperties) = preSolution
		HideSolutionNode = FALSE
	EndGlobalSection
	GlobalSection(ExtensibilityGlobals) = postSolution
		SolutionGuid = {950F8CD3-D316-4C16-BB33-FE46D606DB6B}
	EndGlobalSection
EndGlobal
